# THIS IS AN AUTOGENERATED FILE. DO NOT EDIT THIS FILE DIRECTLY.
# yarn lockfile v1


"9router@^0.5.50":
  version "0.5.50"
  resolved "https://registry.yarnpkg.com/9router/-/9router-0.5.50.tgz#cc4e7e111ebb083fee52b4ecdf63e7ba65936ab4"
  integrity sha512-dcC+6wwNQz60nTcJ6M8Ty/EuUVAQap3raDx7MOtC1ru3NPDyYZs21nGfKDYSpifN54CNL9QllhznHajRO+kw3g==
  dependencies:
    enquirer "^2.4.1"
    node-forge "^1.3.3"
    node-machine-id "^1.1.12"
    react "19.2.1"
    react-dom "19.2.1"

"@anthropic-ai/claude-code-darwin-arm64@2.1.228":
  version "2.1.228"
  resolved "https://registry.yarnpkg.com/@anthropic-ai/claude-code-darwin-arm64/-/claude-code-darwin-arm64-2.1.228.tgz#8cddd43a4037dc89d40c2cba353479808b910db7"
  integrity sha512-Ixeh8vzoKQiVZXqDwf5EcsAiXeccDH7L+T16XyN1wcGw6HZktsS0iSX5SF/xe4wNhWDkUzuPunmlgEOsjS3A3g==

"@anthropic-ai/claude-code-darwin-x64@2.1.228":
  version "2.1.228"
  resolved "https://registry.yarnpkg.com/@anthropic-ai/claude-code-darwin-x64/-/claude-code-darwin-x64-2.1.228.tgz#53f14b8f768dcacbade4a29d43cadba95a422d0d"
  integrity sha512-AhXSvLS8ZlXrWE3//zxC/wdkRm32fbgs1JKwP6Ata+6j40xosDr8U7QD/EQsS/w6MONDFVsPNGW0Gu+XJY0Mdw==

"@anthropic-ai/claude-code-linux-arm64-musl@2.1.228":
  version "2.1.228"
  resolved "https://registry.yarnpkg.com/@anthropic-ai/claude-code-linux-arm64-musl/-/claude-code-linux-arm64-musl-2.1.228.tgz#0aa28f886438cad707fed7ac31b5d48e3dd3a06e"
  integrity sha512-f6Fv4WcIICNVuiLuXoni7yrpV+SjXPFfmvH0P4qaGvAr7afF4SZSWv10jUPJTewxkFXYsiW3FYxMFFYOCAI4sQ==

"@anthropic-ai/claude-code-linux-arm64@2.1.228":
  version "2.1.228"
  resolved "https://registry.yarnpkg.com/@anthropic-ai/claude-code-linux-arm64/-/claude-code-linux-arm64-2.1.228.tgz#a82d1d16c2cca791e1a229aa28e42871c009ca1f"
  integrity sha512-rWSzUqON6kyIXUVz9KDU+9R6FdO11IVCO94D7kkWWyRPzFqzaAB80RmfgP//QgTIVFApEUzEUH2tfAGsUhD6ug==

"@anthropic-ai/claude-code-linux-x64-musl@2.1.228":
  version "2.1.228"
  resolved "https://registry.yarnpkg.com/@anthropic-ai/claude-code-linux-x64-musl/-/claude-code-linux-x64-musl-2.1.228.tgz#f25efa1f58368321353ddc25db02e5bc1715ce24"
  integrity sha512-3Hdw7dpJrXu2mMQLuO0QcH4j3FeD70yOsKrJgZl+58a/OBV/REovUVTtOEaMVP/8M8HGVdDvkjCOprwAEN6I4A==

"@anthropic-ai/claude-code-linux-x64@2.1.228":
  version "2.1.228"
  resolved "https://registry.yarnpkg.com/@anthropic-ai/claude-code-linux-x64/-/claude-code-linux-x64-2.1.228.tgz#51856b942849eb1a9fcbe7839511e8eb680394df"
  integrity sha512-LMrLUYW5FY3r8wsQk/U5HWacHmxlEWKxaOgNzmDn1f5FhgKsSAPpioqf2JE5AusRRKXyWvhYM1crOE/CKIqoNQ==

"@anthropic-ai/claude-code-win32-arm64@2.1.228":
  version "2.1.228"
  resolved "https://registry.yarnpkg.com/@anthropic-ai/claude-code-win32-arm64/-/claude-code-win32-arm64-2.1.228.tgz#21906e6aa3a068be77aa2a4705ec759bc7ce80b7"
  integrity sha512-vTIBNR+XGQrzxdMaETcE9RvjJbeK1V+ZhN+Ajs+0r8SOqU2Obyo01yJFRWum1l7sEFKf5yyxG9iuh78q4mxg1w==

"@anthropic-ai/claude-code-win32-x64@2.1.228":
  version "2.1.228"
  resolved "https://registry.yarnpkg.com/@anthropic-ai/claude-code-win32-x64/-/claude-code-win32-x64-2.1.228.tgz#73e0ed6e0d5af00005a620e1eecde475595e68cc"
  integrity sha512-9rTkgPacokl+ZadpSIR1folwLd+5TZDgZV9YjDQewRLu0BmLyc4oS30P8xENCquC4KyuRD2w0Vz1q7biB2OpdA==

"@anthropic-ai/claude-code@^2.1.228":
  version "2.1.228"
  resolved "https://registry.yarnpkg.com/@anthropic-ai/claude-code/-/claude-code-2.1.228.tgz#39d22afdb724ffcb6b7f4e8c592736a095234d19"
  integrity sha512-S3Iy+c6ZuFjswQOekbVgXA+RxAuU8H2ae2nxFynqmvR5r3Gm9oyFV19XgiuatYRFKKjxP0K3i5vvvelPDgx12g==
  optionalDependencies:
    "@anthropic-ai/claude-code-darwin-arm64" "2.1.228"
    "@anthropic-ai/claude-code-darwin-x64" "2.1.228"
    "@anthropic-ai/claude-code-linux-arm64" "2.1.228"
    "@anthropic-ai/claude-code-linux-arm64-musl" "2.1.228"
    "@anthropic-ai/claude-code-linux-x64" "2.1.228"
    "@anthropic-ai/claude-code-linux-x64-musl" "2.1.228"
    "@anthropic-ai/claude-code-win32-arm64" "2.1.228"
    "@anthropic-ai/claude-code-win32-x64" "2.1.228"

"@faker-js/faker@^10.6.0":
  version "10.6.0"
  resolved "https://registry.yarnpkg.com/@faker-js/faker/-/faker-10.6.0.tgz#b6b0248f0f59e0ac69ad6803167d58bb824f929d"
  integrity sha512-3RQHgEtvL1Frl/d1cSreo7qhJ3Gk1OdNUai/CtZ8G+wYeRQnJih3s9xJ9/kgYekPQRdwgh0HXRPqMlzWGwivIQ==

"@playwright/test@^1.62.1":
  version "1.62.1"
  resolved "https://registry.yarnpkg.com/@playwright/test/-/test-1.62.1.tgz#68e1aaf6e480e1923936dee6c66fae1921d3a65a"
  integrity sha512-DTcUc8qii+cpHvtOwggMtBRMjKZHXYWdw8syRYu2vtzuq4Wxphqq4NfCs5Zt44L6mA8rfDfj+PHnxFc/FeK6mQ==
  dependencies:
    playwright "1.62.1"

"@types/node@*":
  version "26.6.3"
  resolved "https://registry.yarnpkg.com/@types/node/-/node-26.6.3.tgz#411dccb5fc25687c958fe35b6ca3741d48a8d13c"
  integrity sha512-dsqMQQoeTLqu9wynDD00q573mNzso3IdQOAfHRJqLCcmCFPoGo9A1bDpUcv/9tnKpErQWv9uKeGfl37EIS02Yg==
  dependencies:
    undici-types "~8.9.0"

"@types/node@^26.2.0":
  version "26.2.0"
  resolved "https://registry.yarnpkg.com/@types/node/-/node-26.2.0.tgz#5a4875a862fda8fdc57de8faa579bb81ecba1685"
  integrity sha512-5IviulTZeRNp2vAJ514cc/HUlY5nZ9fCbq9DMyC52BrhFZACo3nI0R7qBxhQmo/d27NFe96ur/b7Wwxklda+kg==
  dependencies:
    undici-types "~8.3.0"

"@types/pg@^8.23.1":
  version "8.23.1"
  resolved "https://registry.yarnpkg.com/@types/pg/-/pg-8.23.1.tgz#7e712ce02cf44ad100862127f10f52e9c6b9d227"
  integrity sha512-fKVHpikPdg4GKks3JuLEhvwSyvwzF23hnabPy6DD8ljVbC7+6J5dQzdv4arV6jqq57djnMgs1HKBxX4P8aBI3A==
  dependencies:
    "@types/node" "*"
    pg-protocol "*"
    pg-types "^2.2.0"

ansi-colors@^4.1.1:
  version "4.1.3"
  resolved "https://registry.yarnpkg.com/ansi-colors/-/ansi-colors-4.1.3.tgz#37611340eb2243e70cc604cad35d63270d48781b"
  integrity sha512-/6w/C21Pm1A7aZitlI5Ni/2J6FFQN8i1Cvz3kHABAAbw93v/NlvKdVOqz7CCWz/3iv/JplRSEEZ83XION15ovw==

ansi-regex@^5.0.1:
  version "5.0.1"
  resolved "https://registry.yarnpkg.com/ansi-regex/-/ansi-regex-5.0.1.tgz#082cb2c89c9fe8659a311a53bd6a4dc5301db304"
  integrity sha512-quJQXlTSUGL2LH9SUXo8VwsY4soanhgo6LNSm84E1LBcE8s3O0wpdiRzyR9z/ZZJMlMWv37qOOb9pdJlMUEKFQ==

dotenv@^18.0.4:
  version "18.0.4"
  resolved "https://registry.yarnpkg.com/dotenv/-/dotenv-18.0.4.tgz#419bbe784f30915bfeb10e2d407e13ca5528504f"
  integrity sha512-jGt9uI5BIxpVO15kvy+iEFqNAwxYClKWnkptLjSNPnFLC003Imd0ofr3aEVsbpHdSBdSsbcApNIlz4nbyGMwdA==

enquirer@^2.4.1:
  version "2.4.1"
  resolved "https://registry.yarnpkg.com/enquirer/-/enquirer-2.4.1.tgz#93334b3fbd74fc7097b224ab4a8fb7e40bf4ae56"
  integrity sha512-rRqJg/6gd538VHvR3PSrdRBb/1Vy2YfzHqzvbhGIQpDRKIa4FgV/54b5Q1xYSxOOwKvjXweS26E0Q+nAMwp2pQ==
  dependencies:
    ansi-colors "^4.1.1"
    strip-ansi "^6.0.1"

fsevents@2.3.2:
  version "2.3.2"
  resolved "https://registry.yarnpkg.com/fsevents/-/fsevents-2.3.2.tgz#8a526f78b8fdf4623b709e0b975c52c24c02fd1a"
  integrity sha512-xiqMQR4xAeHTuB9uWm+fFRcIOgKBMiOBP+eXiyT7jsgVCq1bkVygt00oASowB7EdtpOHaaPgKt812P9ab+DDKA==

kysely@^0.29.6:
  version "0.29.6"
  resolved "https://registry.yarnpkg.com/kysely/-/kysely-0.29.6.tgz#f3af9a818a5a6def8e63fbc32ffb773346be911a"
  integrity sha512-hHaB8C/rfzDDtr/t8YZwxAuPJTT0zHyaPoVzcXwDYhYNAgH/4sIfVhi/XLLIY+bL/FqaIJnjATDbi8ObSELmxg==

node-forge@^1.3.3:
  version "1.4.0"
  resolved "https://registry.yarnpkg.com/node-forge/-/node-forge-1.4.0.tgz#1c7b7d8bdc2d078739f58287d589d903a11b2fc2"
  integrity sha512-LarFH0+6VfriEhqMMcLX2F7SwSXeWwnEAJEsYm5QKWchiVYVvJyV9v7UDvUv+w5HO23ZpQTXDv/GxdDdMyOuoQ==

node-machine-id@^1.1.12:
  version "1.1.12"
  resolved "https://registry.yarnpkg.com/node-machine-id/-/node-machine-id-1.1.12.tgz#37904eee1e59b320bb9c5d6c0a59f3b469cb6267"
  integrity sha512-QNABxbrPa3qEIfrE6GOJ7BYIuignnJw7iQ2YPbc3Nla1HzRJjXzZOiikfF8m7eAMfichLt3M4VgLOetqgDmgGQ==

pg-cloudflare@^1.4.0:
  version "1.4.0"
  resolved "https://registry.yarnpkg.com/pg-cloudflare/-/pg-cloudflare-1.4.0.tgz#4b4c20e6d8ae531d400730f4804571a8d62f1497"
  integrity sha512-Vo7z/6rrQYxpNRylp4Tlob2elzbh+N/MOQbxFVWCxS7oEx6jF53GTJFxK2WWpKuBRkmiin4Mt+xofFDjx09R0A==

pg-connection-string@^2.14.0:
  version "2.14.0"
  resolved "https://registry.yarnpkg.com/pg-connection-string/-/pg-connection-string-2.14.0.tgz#abc26ee4f37c56c0f3ae0fcf0b0653cc4e1c0fd9"
  integrity sha512-XwWDGcLRGCXAR8F/AM5bG7Q+A3Wm2s6QeEjlOKZLlH3UYcguiqCWKyWXVag5TLTIjR7oOJUY8kcADaZgWPyLeg==

pg-int8@1.0.1:
  version "1.0.1"
  resolved "https://registry.yarnpkg.com/pg-int8/-/pg-int8-1.0.1.tgz#943bd463bf5b71b4170115f80f8efc9a0c0eb78c"
  integrity sha512-WCtabS6t3c8SkpDBUlb1kjOs7l66xsGdKpIPZsg4wR+B3+u9UAum2odSsF9tnvxg80h4ZxLWMy4pRjOsFIqQpw==

pg-pool@^3.14.0:
  version "3.14.0"
  resolved "https://registry.yarnpkg.com/pg-pool/-/pg-pool-3.14.0.tgz#f35ae4eb846780cad71af24099b3edfa9781ad90"
  integrity sha512-gKtPkFdQPU3DksooVLi9LsjZxrsBUZIpa+7aVx+LV5pNh0KzP4Zleud2po+ConrxbuXGBJ6Hfer6hdgpIBpBaw==

pg-protocol@*, pg-protocol@^1.16.0:
  version "1.16.0"
  resolved "https://registry.yarnpkg.com/pg-protocol/-/pg-protocol-1.16.0.tgz#cffb008826561ee9770a8a15dc21f269d731b305"
  integrity sha512-sILXutLVjCLjcDuOmvhX5e2Z4cS5qG/6Bu3VkpFwdf/633ElGLpEh9bgmuI5I4sqKqkifQiGyiCcx1HdtrK7tg==

pg-types@2.2.0, pg-types@^2.2.0:
  version "2.2.0"
  resolved "https://registry.yarnpkg.com/pg-types/-/pg-types-2.2.0.tgz#2d0250d636454f7cfa3b6ae0382fdfa8063254a3"
  integrity sha512-qTAAlrEsl8s4OiEQY69wDvcMIdQN6wdz5ojQiOy6YRMuynxenON0O5oCpJI6lshc6scgAY8qvJ2On/p+CXY0GA==
  dependencies:
    pg-int8 "1.0.1"
    postgres-array "~2.0.0"
    postgres-bytea "~1.0.0"
    postgres-date "~1.0.4"
    postgres-interval "^1.1.0"

pg@^8.23.0:
  version "8.23.0"
  resolved "https://registry.yarnpkg.com/pg/-/pg-8.23.0.tgz#5c2026d32bd0cb4fbd9196bac1ecf5ae66607180"
  integrity sha512-Ip2EQCngowJLGOfCwkFhPXU7/ljlhn6Rxlmy4XYfL2Y+vyRM59+8uR2xqRWKdYmbXmxCFOAmKxBuSUCdF34qLg==
  dependencies:
    pg-connection-string "^2.14.0"
    pg-pool "^3.14.0"
    pg-protocol "^1.16.0"
    pg-types "2.2.0"
    pgpass "1.0.5"
  optionalDependencies:
    pg-cloudflare "^1.4.0"

pgpass@1.0.5:
  version "1.0.5"
  resolved "https://registry.yarnpkg.com/pgpass/-/pgpass-1.0.5.tgz#9b873e4a564bb10fa7a7dbd55312728d422a223d"
  integrity sha512-FdW9r/jQZhSeohs1Z3sI1yxFQNFvMcnmfuj4WBMUTxOrAyLMaTcE1aAMBiTlbMNaXvBCQuVi0R7hd8udDSP7ug==
  dependencies:
    split2 "^4.1.0"

playwright-core@1.62.1:
  version "1.62.1"
  resolved "https://registry.yarnpkg.com/playwright-core/-/playwright-core-1.62.1.tgz#120f67a19181bfd183c60fa903c0d99330b56785"
  integrity sha512-wPYSwEBJY9GHraISXqyqtx0na0LpO3XEX7jNDhntbex7tzUS7kLnZsOlFruFJB4Hi/rhDMjXGqHewDZ68nYZVw==

playwright@1.62.1:
  version "1.62.1"
  resolved "https://registry.yarnpkg.com/playwright/-/playwright-1.62.1.tgz#8447b6755e8aec85a3cb7207c823e3ed2fc66700"
  integrity sha512-0M+L3LAD8/nm554LOla9Ayx0j0tmFZ0FBcoQ7F1VuVHpM/XpiC8RcDzBQB8W5+hA8L22THxELzeF+2WcUzvcLg==
  dependencies:
    playwright-core "1.62.1"
  optionalDependencies:
    fsevents "2.3.2"

postgres-array@~2.0.0:
  version "2.0.0"
  resolved "https://registry.yarnpkg.com/postgres-array/-/postgres-array-2.0.0.tgz#48f8fce054fbc69671999329b8834b772652d82e"
  integrity sha512-VpZrUqU5A69eQyW2c5CA1jtLecCsN2U/bD6VilrFDWq5+5UIEVO7nazS3TEcHf1zuPYO/sqGvUvW62g86RXZuA==

postgres-bytea@~1.0.0:
  version "1.0.1"
  resolved "https://registry.yarnpkg.com/postgres-bytea/-/postgres-bytea-1.0.1.tgz#c40b3da0222c500ff1e51c5d7014b60b79697c7a"
  integrity sha512-5+5HqXnsZPE65IJZSMkZtURARZelel2oXUEO8rH83VS/hxH5vv1uHquPg5wZs8yMAfdv971IU+kcPUczi7NVBQ==

postgres-date@~1.0.4:
  version "1.0.7"
  resolved "https://registry.yarnpkg.com/postgres-date/-/postgres-date-1.0.7.tgz#51bc086006005e5061c591cee727f2531bf641a8"
  integrity sha512-suDmjLVQg78nMK2UZ454hAG+OAW+HQPZ6n++TNDUX+L0+uUlLywnoxJKDou51Zm+zTCjrCl0Nq6J9C5hP9vK/Q==

postgres-interval@^1.1.0:
  version "1.2.0"
  resolved "https://registry.yarnpkg.com/postgres-interval/-/postgres-interval-1.2.0.tgz#b460c82cb1587507788819a06aa0fffdb3544695"
  integrity sha512-9ZhXKM/rw350N1ovuWHbGxnGh/SNJ4cnxHiM0rxE4VN41wsg8P8zWn9hv/buK00RP4WvlOyr/RBDiptyxVbkZQ==
  dependencies:
    xtend "^4.0.0"

react-dom@19.2.1:
  version "19.2.1"
  resolved "https://registry.yarnpkg.com/react-dom/-/react-dom-19.2.1.tgz#ce3527560bda4f997e47d10dab754825b3061f59"
  integrity sha512-ibrK8llX2a4eOskq1mXKu/TGZj9qzomO+sNfO98M6d9zIPOEhlBkMkBUBLd1vgS0gQsLDBzA+8jJBVXDnfHmJg==
  dependencies:
    scheduler "^0.27.0"

react@19.2.1:
  version "19.2.1"
  resolved "https://registry.yarnpkg.com/react/-/react-19.2.1.tgz#8600fa205e58e2e807f6ef431c9f6492591a2700"
  integrity sha512-DGrYcCWK7tvYMnWh79yrPHt+vdx9tY+1gPZa7nJQtO/p8bLTDaHp4dzwEhQB7pZ4Xe3ok4XKuEPrVuc+wlpkmw==

scheduler@^0.27.0:
  version "0.27.0"
  resolved "https://registry.yarnpkg.com/scheduler/-/scheduler-0.27.0.tgz#0c4ef82d67d1e5c1e359e8fc76d3a87f045fe5bd"
  integrity sha512-eNv+WrVbKu1f3vbYJT/xtiF5syA5HPIMtf9IgY/nKg0sWqzAUEvqY/xm7OcZc/qafLx/iO9FgOmeSAp4v5ti/Q==

split2@^4.1.0:
  version "4.2.0"
  resolved "https://registry.yarnpkg.com/split2/-/split2-4.2.0.tgz#c9c5920904d148bab0b9f67145f245a86aadbfa4"
  integrity sha512-UcjcJOWknrNkF6PLX83qcHM6KHgVKNkV62Y8a5uYDVv9ydGQVwAHMKqHdJje1VTWpljG0WYpCDhrCdAOYH4TWg==

strip-ansi@^6.0.1:
  version "6.0.1"
  resolved "https://registry.yarnpkg.com/strip-ansi/-/strip-ansi-6.0.1.tgz#9e26c63d30f53443e9489495b2105d37b67a85d9"
  integrity sha512-Y38VPSHcqkFrCpFnQ9vuSXmquuv5oXOKpGeT6aGrr3o3Gc9AlVa6JBfUSOCnbxGGZF+/0ooI7KrPuUSztUdU5A==
  dependencies:
    ansi-regex "^5.0.1"

undici-types@~8.3.0:
  version "8.3.0"
  resolved "https://registry.yarnpkg.com/undici-types/-/undici-types-8.3.0.tgz#44e9fc9f3244648cdea35e4f9bb2d681e9410809"
  integrity sha512-j375ScV60dom+YkPFIfTLcOiPxkN/buHz5GobjLhixFuANaNs3C9l4GmrWqejgXWJ7BbJcFYpTEUkS1Ge8bpZQ==

undici-types@~8.9.0:
  version "8.9.0"
  resolved "https://registry.yarnpkg.com/undici-types/-/undici-types-8.9.0.tgz#e240d97c8b5d85e5347ce73d25865c7906c1ec9f"
  integrity sha512-KTDyRTYX8sWmKXAikPHHSyc63CRPETMctyjKFupcC6OBLXT3xsN0e9aF7m+mIXutFWpUXuedtowG7iLOzp0kQg==

xtend@^4.0.0:
  version "4.0.2"
  resolved "https://registry.yarnpkg.com/xtend/-/xtend-4.0.2.tgz#bb72779f5fa465186b1f438f674fa347fdb5db54"
  integrity sha512-LKYU1iAXJXUgAXn9URjiu+MWhyUXHsvfp7mcuYm9dSUKK0/CjtrUwFAxD82/mCWbtLsGjFIad0wIsod4zrTAEQ==
